# This file is autogenerated, do not edit; changes may be undone by the next 'dep ensure'.


[[projects]]
  branch = "master"
  name = "github.com/jmoiron/sqlx"
  packages = [
    ".",
    "reflectx"
  ]
  revision = "05cef0741ade10ca668982355b3f3f0bcf0ff0a8"

[[projects]]
  branch = "master"
  name = "github.com/lib/pq"
  packages = [
    ".",
    "oid"
  ]
  revision = "88edab0803230a3898347e77b474f8c1820a1f20"

[[projects]]
  branch = "master"
  name = "github.com/tokopedia/sqlt"
  packages = ["."]
  revision = "067a01e1f3f321dec43c711f03e18a59a982a0a1"

[[projects]]
  name = "github.com/urfave/negroni"
  packages = ["."]
  revision = "5dbbc83f748fc3ad38585842b0aedab546d0ea1e"
  version = "v0.3.0"

[solve-meta]
  analyzer-name = "dep"
  analyzer-version = 1
  inputs-digest = "f5a7408b602ca1054cb8e22e437e898e5dc0119563beae872552f70f4e73d751"
  solver-name = "gps-cdcl"
  solver-version = 1
